
Microsoft Visual Studio Solution File, Format Version 12.00
# Visual Studio 15
Project("{FAE04EC0-301F-11D3-BF4B-00C04F79EFBC}") = "EventSystem_Learn", "EventSystem_Learn.csproj", "{4369BE97-30A7-9A46-1F20-2B3C85245830}"
EndProject
Global
	GlobalSection(SolutionConfigurationPlatforms) = preSolution
		Debug|Any CPU = Debug|Any CPU
		Release|Any CPU = Release|Any CPU
	EndGlobalSection
	GlobalSection(ProjectConfigurationPlatforms) = postSolution
		{4369BE97-30A7-9A46-1F20-2B3C85245830}.Debug|Any CPU.ActiveCfg = Debug|Any CPU
		{4369BE97-30A7-9A46-1F20-2B3C85245830}.Debug|Any CPU.Build.0 = Debug|Any CPU
		{4369BE97-30A7-9A46-1F20-2B3C85245830}.Release|Any CPU.ActiveCfg = Release|Any CPU
		{4369BE97-30A7-9A46-1F20-2B3C85245830}.Release|Any CPU.Build.0 = Release|Any CPU
	EndGlobalSection
	GlobalSection(SolutionProperties) = preSolution
		HideSolutionNode = FALSE
	EndGlobalSection
EndGlobal
